
Microsoft Visual Studio Solution File, Format Version 12.00
# Visual Studio Version 17
VisualStudioVersion = 17.10.35122.118
MinimumVisualStudioVersion = 10.0.40219.1
Project("{FAE04EC0-301F-11D3-BF4B-00C04F79EFBC}") = "Inquisitor", "Inquisitor.csproj", "{F783C8C3-043D-424F-8EE6-E3998BBE4402}"
EndProject
Global
	GlobalSection(SolutionConfigurationPlatforms) = preSolution
		Debug|Any CPU = Debug|Any CPU
		Release|Any CPU = Release|Any CPU
	EndGlobalSection
	GlobalSection(ProjectConfigurationPlatforms) = postSolution
		{F783C8C3-043D-424F-8EE6-E3998BBE4402}.Debug|Any CPU.ActiveCfg = Debug|Any CPU
		{F783C8C3-043D-424F-8EE6-E3998BBE4402}.Debug|Any CPU.Build.0 = Debug|Any CPU
		{F783C8C3-043D-424F-8EE6-E3998BBE4402}.Release|Any CPU.ActiveCfg = Release|Any CPU
		{F783C8C3-043D-424F-8EE6-E3998BBE4402}.Release|Any CPU.Build.0 = Release|Any CPU
	EndGlobalSection
	GlobalSection(SolutionProperties) = preSolution
		HideSolutionNode = FALSE
	EndGlobalSection
	GlobalSection(ExtensibilityGlobals) = postSolution
		SolutionGuid = {D846FE51-EA17-4F1C-B253-AA83A988281D}
	EndGlobalSection
EndGlobal
